
Microsoft Visual Studio Solution File, Format Version 12.00
Project("{FAE04EC0-301F-11D3-BF4B-00C04F79EFBC}") = "Xbrl.ToObjects", "Xbrl.ToObjects\Xbrl.ToObjects.csproj", "{EDDE99B0-D8E1-4BF1-A321-96212D1CD86B}"
EndProject
Project("{FAE04EC0-301F-11D3-BF4B-00C04F79EFBC}") = "Xbrl.ToObjects.Tests", "Xbrl.ToObjects.Tests\Xbrl.ToObjects.Tests.csproj", "{493BA241-19F0-4E5F-90FC-6AC779902ACD}"
EndProject
Global
	GlobalSection(SolutionConfigurationPlatforms) = preSolution
		Debug|Any CPU = Debug|Any CPU
		Release|Any CPU = Release|Any CPU
	EndGlobalSection
	GlobalSection(ProjectConfigurationPlatforms) = postSolution
		{EDDE99B0-D8E1-4BF1-A321-96212D1CD86B}.Debug|Any CPU.ActiveCfg = Debug|Any CPU
		{EDDE99B0-D8E1-4BF1-A321-96212D1CD86B}.Debug|Any CPU.Build.0 = Debug|Any CPU
		{EDDE99B0-D8E1-4BF1-A321-96212D1CD86B}.Release|Any CPU.ActiveCfg = Release|Any CPU
		{EDDE99B0-D8E1-4BF1-A321-96212D1CD86B}.Release|Any CPU.Build.0 = Release|Any CPU
		{493BA241-19F0-4E5F-90FC-6AC779902ACD}.Debug|Any CPU.ActiveCfg = Debug|Any CPU
		{493BA241-19F0-4E5F-90FC-6AC779902ACD}.Debug|Any CPU.Build.0 = Debug|Any CPU
		{493BA241-19F0-4E5F-90FC-6AC779902ACD}.Release|Any CPU.ActiveCfg = Release|Any CPU
		{493BA241-19F0-4E5F-90FC-6AC779902ACD}.Release|Any CPU.Build.0 = Release|Any CPU
	EndGlobalSection
EndGlobal
